
Microsoft Visual Studio Solution File, Format Version 12.00
# Visual Studio Version 17
VisualStudioVersion = 17.8.34309.116
MinimumVisualStudioVersion = 10.0.40219.1
Project("{FAE04EC0-301F-11D3-BF4B-00C04F79EFBC}") = "66840_Mehmet_Said_Unlu_T4", "66840_Mehmet_Said_Unlu_T4\66840_Mehmet_Said_Unlu_T4.csproj", "{08050C26-F3CD-4CB3-AD8A-57E9D475FAF4}"
EndProject
Global
	GlobalSection(SolutionConfigurationPlatforms) = preSolution
		Debug|Any CPU = Debug|Any CPU
		Release|Any CPU = Release|Any CPU
	EndGlobalSection
	GlobalSection(ProjectConfigurationPlatforms) = postSolution
		{08050C26-F3CD-4CB3-AD8A-57E9D475FAF4}.Debug|Any CPU.ActiveCfg = Debug|Any CPU
		{08050C26-F3CD-4CB3-AD8A-57E9D475FAF4}.Debug|Any CPU.Build.0 = Debug|Any CPU
		{08050C26-F3CD-4CB3-AD8A-57E9D475FAF4}.Release|Any CPU.ActiveCfg = Release|Any CPU
		{08050C26-F3CD-4CB3-AD8A-57E9D475FAF4}.Release|Any CPU.Build.0 = Release|Any CPU
	EndGlobalSection
	GlobalSection(SolutionProperties) = preSolution
		HideSolutionNode = FALSE
	EndGlobalSection
	GlobalSection(ExtensibilityGlobals) = postSolution
		SolutionGuid = {140D6FFA-8D88-424C-B24C-A5B71FEF79C5}
	EndGlobalSection
EndGlobal
